{
  "lockfile-version": 1,
  "manifest": {
    "version": 1,
    "install": {
      "nodejs": {
        "pkg-path": "nodejs"
      },
      "pnpm": {
        "pkg-path": "pnpm"
      }
    },
    "hook": {},
    "profile": {},
    "options": {}
  },
  "packages": [
    {
      "attr_path": "nodejs",
      "broken": false,
      "derivation": "/nix/store/0a9kkw6mh0f80jfq1nf9767hvg5gr71k-nodejs-22.18.0.drv",
      "description": "Event-driven I/O framework for the V8 JavaScript engine",
      "install_id": "nodejs",
      "license": "MIT",
      "locked_url": "https://github.com/flox/nixpkgs?rev=d7600c775f877cd87b4f5a831c28aa94137377aa",
      "name": "nodejs-22.18.0",
      "pname": "nodejs",
      "rev": "d7600c775f877cd87b4f5a831c28aa94137377aa",
      "rev_count": 854036,
      "rev_date": "2025-08-30T08:25:00Z",
      "scrape_date": "2025-08-31T03:28:56.950784Z",
      "stabilities": [
        "unstable"
      ],
      "unfree": false,
      "version": "22.18.0",
      "outputs_to_install": [
        "out"
      ],
      "outputs": {
        "dev": "/nix/store/4617bdwn34769c3bxkx9qgyzjh890qvf-nodejs-22.18.0-dev",
        "libv8": "/nix/store/89zl005215fzsfsbq3ar5dff44c2v3f9-nodejs-22.18.0-libv8",
        "out": "/nix/store/9yqq8szyz3qx8q6xlv1s3arhw4112wc8-nodejs-22.18.0"
      },
      "system": "aarch64-darwin",
      "group": "toplevel",
      "priority": 5
    },
    {
      "attr_path": "nodejs",
      "broken": false,
      "derivation": "/nix/store/1si9aramx1b8n9dgnaymh4s0v73zng5h-nodejs-22.18.0.drv",
      "description": "Event-driven I/O framework for the V8 JavaScript engine",
      "install_id": "nodejs",
      "license": "MIT",
      "locked_url": "https://github.com/flox/nixpkgs?rev=d7600c775f877cd87b4f5a831c28aa94137377aa",
      "name": "nodejs-22.18.0",
      "pname": "nodejs",
      "rev": "d7600c775f877cd87b4f5a831c28aa94137377aa",
      "rev_count": 854036,
      "rev_date": "2025-08-30T08:25:00Z",
      "scrape_date": "2025-08-31T03:37:28.177204Z",
      "stabilities": [
        "unstable"
      ],
      "unfree": false,
      "version": "22.18.0",
      "outputs_to_install": [
        "out"
      ],
      "outputs": {
        "dev": "/nix/store/0nzhmyzfcgynya9yy6gsp66bk47nq8s3-nodejs-22.18.0-dev",
        "libv8": "/nix/store/5zfqiqmnv1xlx0fv0zy28hwcm332vdm1-nodejs-22.18.0-libv8",
        "out": "/nix/store/sswndb8p93xa94x53769zh3lhci99g8f-nodejs-22.18.0"
      },
      "system": "aarch64-linux",
      "group": "toplevel",
      "priority": 5
    },
    {
      "attr_path": "nodejs",
      "broken": false,
      "derivation": "/nix/store/5cxy82gwm7zl4fxbfkj6ah23j9j5wbd6-nodejs-22.18.0.drv",
      "description": "Event-driven I/O framework for the V8 JavaScript engine",
      "install_id": "nodejs",
      "license": "MIT",
      "locked_url": "https://github.com/flox/nixpkgs?rev=d7600c775f877cd87b4f5a831c28aa94137377aa",
      "name": "nodejs-22.18.0",
      "pname": "nodejs",
      "rev": "d7600c775f877cd87b4f5a831c28aa94137377aa",
      "rev_count": 854036,
      "rev_date": "2025-08-30T08:25:00Z",
      "scrape_date": "2025-08-31T03:45:30.067241Z",
      "stabilities": [
        "unstable"
      ],
      "unfree": false,
      "version": "22.18.0",
      "outputs_to_install": [
        "out"
      ],
      "outputs": {
        "dev": "/nix/store/f39fwzjpkj0hn26f3av1smbl0lmabizj-nodejs-22.18.0-dev",
        "libv8": "/nix/store/w90f0kd8h7893i6l8jmh01z3zsr514q0-nodejs-22.18.0-libv8",
        "out": "/nix/store/c5d89lgzr7np5pfv9l02vcnd84mg4gj4-nodejs-22.18.0"
      },
      "system": "x86_64-darwin",
      "group": "toplevel",
      "priority": 5
    },
    {
      "attr_path": "nodejs",
      "broken": false,
      "derivation": "/nix/store/6hkkd1197yqg4n9k2vk8phx098gn1axv-nodejs-22.18.0.drv",
      "description": "Event-driven I/O framework for the V8 JavaScript engine",
      "install_id": "nodejs",
      "license": "MIT",
      "locked_url": "https://github.com/flox/nixpkgs?rev=d7600c775f877cd87b4f5a831c28aa94137377aa",
      "name": "nodejs-22.18.0",
      "pname": "nodejs",
      "rev": "d7600c775f877cd87b4f5a831c28aa94137377aa",
      "rev_count": 854036,
      "rev_date": "2025-08-30T08:25:00Z",
      "scrape_date": "2025-08-31T03:53:06.891822Z",
      "stabilities": [
        "unstable"
      ],
      "unfree": false,
      "version": "22.18.0",
      "outputs_to_install": [
        "out"
      ],
      "outputs": {
        "dev": "/nix/store/mjgd69ahrwz5skifd30a87l1gb7yc785-nodejs-22.18.0-dev",
        "libv8": "/nix/store/j5lyv0imv3iiwbqyqc1v9vdscwylmk56-nodejs-22.18.0-libv8",
        "out": "/nix/store/9d235766g7alzlalw4z8yqxql0jl2mgd-nodejs-22.18.0"
      },
      "system": "x86_64-linux",
      "group": "toplevel",
      "priority": 5
    },
    {
      "attr_path": "pnpm",
      "broken": false,
      "derivation": "/nix/store/hfzr1z7xw2rf9sfncipnklppihf3di4d-pnpm-10.15.0.drv",
      "description": "Fast, disk space efficient package manager for JavaScript",
      "install_id": "pnpm",
      "license": "MIT",
      "locked_url": "https://github.com/flox/nixpkgs?rev=d7600c775f877cd87b4f5a831c28aa94137377aa",
      "name": "pnpm-10.15.0",
      "pname": "pnpm",
      "rev": "d7600c775f877cd87b4f5a831c28aa94137377aa",
      "rev_count": 854036,
      "rev_date": "2025-08-30T08:25:00Z",
      "scrape_date": "2025-08-31T03:29:04.238535Z",
      "stabilities": [
        "unstable"
      ],
      "unfree": false,
      "version": "10.15.0",
      "outputs_to_install": [
        "out"
      ],
      "outputs": {
        "out": "/nix/store/54pwq6n0wa68idqj8xx4h3p90fjr7467-pnpm-10.15.0"
      },
      "system": "aarch64-darwin",
      "group": "toplevel",
      "priority": 5
    },
    {
      "attr_path": "pnpm",
      "broken": false,
      "derivation": "/nix/store/nlyqqddxjxprmppy86f2fvqycz62x35d-pnpm-10.15.0.drv",
      "description": "Fast, disk space efficient package manager for JavaScript",
      "install_id": "pnpm",
      "license": "MIT",
      "locked_url": "https://github.com/flox/nixpkgs?rev=d7600c775f877cd87b4f5a831c28aa94137377aa",
      "name": "pnpm-10.15.0",
      "pname": "pnpm",
      "rev": "d7600c775f877cd87b4f5a831c28aa94137377aa",
      "rev_count": 854036,
      "rev_date": "2025-08-30T08:25:00Z",
      "scrape_date": "2025-08-31T03:37:41.360506Z",
      "stabilities": [
        "unstable"
      ],
      "unfree": false,
      "version": "10.15.0",
      "outputs_to_install": [
        "out"
      ],
      "outputs": {
        "out": "/nix/store/ww672bkr67ah80ra1fz0aicm9mjl3yvq-pnpm-10.15.0"
      },
      "system": "aarch64-linux",
      "group": "toplevel",
      "priority": 5
    },
    {
      "attr_path": "pnpm",
      "broken": false,
      "derivation": "/nix/store/jjbbrq7ink12vk9m2ccdvbrvgwxrw6bs-pnpm-10.15.0.drv",
      "description": "Fast, disk space efficient package manager for JavaScript",
      "install_id": "pnpm",
      "license": "MIT",
      "locked_url": "https://github.com/flox/nixpkgs?rev=d7600c775f877cd87b4f5a831c28aa94137377aa",
      "name": "pnpm-10.15.0",
      "pname": "pnpm",
      "rev": "d7600c775f877cd87b4f5a831c28aa94137377aa",
      "rev_count": 854036,
      "rev_date": "2025-08-30T08:25:00Z",
      "scrape_date": "2025-08-31T03:45:37.684840Z",
      "stabilities": [
        "unstable"
      ],
      "unfree": false,
      "version": "10.15.0",
      "outputs_to_install": [
        "out"
      ],
      "outputs": {
        "out": "/nix/store/hmrdc4sv1jwfrl6vmaxxr5w5avbfbxkz-pnpm-10.15.0"
      },
      "system": "x86_64-darwin",
      "group": "toplevel",
      "priority": 5
    },
    {
      "attr_path": "pnpm",
      "broken": false,
      "derivation": "/nix/store/vy4h9nn39aqfv0z67l717c9pvc6lgnci-pnpm-10.15.0.drv",
      "description": "Fast, disk space efficient package manager for JavaScript",
      "install_id": "pnpm",
      "license": "MIT",
      "locked_url": "https://github.com/flox/nixpkgs?rev=d7600c775f877cd87b4f5a831c28aa94137377aa",
      "name": "pnpm-10.15.0",
      "pname": "pnpm",
      "rev": "d7600c775f877cd87b4f5a831c28aa94137377aa",
      "rev_count": 854036,
      "rev_date": "2025-08-30T08:25:00Z",
      "scrape_date": "2025-08-31T03:53:19.480909Z",
      "stabilities": [
        "unstable"
      ],
      "unfree": false,
      "version": "10.15.0",
      "outputs_to_install": [
        "out"
      ],
      "outputs": {
        "out": "/nix/store/r2n3dbbp0djly6wjxx43sbffaq3abjpy-pnpm-10.15.0"
      },
      "system": "x86_64-linux",
      "group": "toplevel",
      "priority": 5
    }
  ]
}